
Microsoft Visual Studio Solution File, Format Version 12.00
# Visual Studio Version 17
VisualStudioVersion = 17.0.31912.275
MinimumVisualStudioVersion = 10.0.40219.1
Project("{F184B08F-C81C-45F6-A57F-5ABD9991F28F}") = "File Type Registry Viewer", "File Type Registry Viewer.vbproj", "{D0349CE0-A4B9-4669-99D6-6E3D59788B59}"
EndProject
Global
	GlobalSection(SolutionConfigurationPlatforms) = preSolution
		Debug|Any CPU = Debug|Any CPU
		Release|Any CPU = Release|Any CPU
	EndGlobalSection
	GlobalSection(ProjectConfigurationPlatforms) = postSolution
		{D0349CE0-A4B9-4669-99D6-6E3D59788B59}.Debug|Any CPU.ActiveCfg = Debug|Any CPU
		{D0349CE0-A4B9-4669-99D6-6E3D59788B59}.Debug|Any CPU.Build.0 = Debug|Any CPU
		{D0349CE0-A4B9-4669-99D6-6E3D59788B59}.Release|Any CPU.ActiveCfg = Release|Any CPU
		{D0349CE0-A4B9-4669-99D6-6E3D59788B59}.Release|Any CPU.Build.0 = Release|Any CPU
	EndGlobalSection
	GlobalSection(SolutionProperties) = preSolution
		HideSolutionNode = FALSE
	EndGlobalSection
	GlobalSection(ExtensibilityGlobals) = postSolution
		SolutionGuid = {B0B4800B-543A-4D22-85D2-A02190FF30AA}
	EndGlobalSection
EndGlobal
